// !$*UTF8*$!
{
	archiveVersion = 1;
	classes = {
	};
	objectVersion = 55;
	objects = {

/* Begin PBXBuildFile section */
		FC23F8682973323A00A451D9 /* Localizable.strings in Resources */ = {isa = PBXBuildFile; fileRef = FC23F86A2973323A00A451D9 /* Localizable.strings */; };
		FC23F86D2973336F00A451D9 /* String+Extensions.swift in Sources */ = {isa = PBXBuildFile; fileRef = FC23F86C2973336F00A451D9 /* String+Extensions.swift */; };
		FC23F86F29733E9000A451D9 /* loading-pins.json in Resources */ = {isa = PBXBuildFile; fileRef = FC23F86E29733E9000A451D9 /* loading-pins.json */; };
		FC23F87229734F4900A451D9 /* NewPinViewController.swift in Sources */ = {isa = PBXBuildFile; fileRef = FC23F87129734F4900A451D9 /* NewPinViewController.swift */; };
		FC23F87429734F9B00A451D9 /* NewPinViewModel.swift in Sources */ = {isa = PBXBuildFile; fileRef = FC23F87329734F9B00A451D9 /* NewPinViewModel.swift */; };
		FC23F8772973508F00A451D9 /* TripIconCollectionViewCell.swift in Sources */ = {isa = PBXBuildFile; fileRef = FC23F8762973508F00A451D9 /* TripIconCollectionViewCell.swift */; };
		FC23F88A2973617B00A451D9 /* Note+CoreDataClass.swift in Sources */ = {isa = PBXBuildFile; fileRef = FC23F8842973617B00A451D9 /* Note+CoreDataClass.swift */; };
		FC23F88B2973617B00A451D9 /* Note+CoreDataProperties.swift in Sources */ = {isa = PBXBuildFile; fileRef = FC23F8852973617B00A451D9 /* Note+CoreDataProperties.swift */; };
		FC23F88C2973617B00A451D9 /* Trip+CoreDataClass.swift in Sources */ = {isa = PBXBuildFile; fileRef = FC23F8862973617B00A451D9 /* Trip+CoreDataClass.swift */; };
		FC23F88D2973617B00A451D9 /* Trip+CoreDataProperties.swift in Sources */ = {isa = PBXBuildFile; fileRef = FC23F8872973617B00A451D9 /* Trip+CoreDataProperties.swift */; };
		FC23F88E2973617B00A451D9 /* Pin+CoreDataClass.swift in Sources */ = {isa = PBXBuildFile; fileRef = FC23F8882973617B00A451D9 /* Pin+CoreDataClass.swift */; };
		FC23F88F2973617B00A451D9 /* Pin+CoreDataProperties.swift in Sources */ = {isa = PBXBuildFile; fileRef = FC23F8892973617B00A451D9 /* Pin+CoreDataProperties.swift */; };
		FC23F89129744BF000A451D9 /* UIViewController+Extensions.swift in Sources */ = {isa = PBXBuildFile; fileRef = FC23F89029744BF000A451D9 /* UIViewController+Extensions.swift */; };
		FC23F8942974553200A451D9 /* MapFilterViewController.swift in Sources */ = {isa = PBXBuildFile; fileRef = FC23F8932974553200A451D9 /* MapFilterViewController.swift */; };
		FC23F8962974553A00A451D9 /* MapFilterViewModel.swift in Sources */ = {isa = PBXBuildFile; fileRef = FC23F8952974553A00A451D9 /* MapFilterViewModel.swift */; };
		FC23F899297458B100A451D9 /* PinModel.swift in Sources */ = {isa = PBXBuildFile; fileRef = FC23F898297458B100A451D9 /* PinModel.swift */; };
		FC2423B729639AE400A16EE5 /* TripsListViewController.swift in Sources */ = {isa = PBXBuildFile; fileRef = FC2423B629639AE400A16EE5 /* TripsListViewController.swift */; };
		FC2423B929639B0400A16EE5 /* TripsListViewModel.swift in Sources */ = {isa = PBXBuildFile; fileRef = FC2423B829639B0400A16EE5 /* TripsListViewModel.swift */; };
		FC2423BC29639CA000A16EE5 /* TripListTableViewCell.swift in Sources */ = {isa = PBXBuildFile; fileRef = FC2423BB29639CA000A16EE5 /* TripListTableViewCell.swift */; };
		FC2423CE2964860B00A16EE5 /* OutlinedLabel.swift in Sources */ = {isa = PBXBuildFile; fileRef = FC2423CD2964860B00A16EE5 /* OutlinedLabel.swift */; };
		FC2423D12964A65F00A16EE5 /* NameNewTripViewController.swift in Sources */ = {isa = PBXBuildFile; fileRef = FC2423D02964A65F00A16EE5 /* NameNewTripViewController.swift */; };
		FC2423D32964A69500A16EE5 /* NameNewTripViewModel.swift in Sources */ = {isa = PBXBuildFile; fileRef = FC2423D22964A69500A16EE5 /* NameNewTripViewModel.swift */; };
		FC2423D52964A98500A16EE5 /* DataManager.swift in Sources */ = {isa = PBXBuildFile; fileRef = FC2423D42964A98500A16EE5 /* DataManager.swift */; };
		FC2423D82964B09B00A16EE5 /* ImageNewTripViewController.swift in Sources */ = {isa = PBXBuildFile; fileRef = FC2423D72964B09B00A16EE5 /* ImageNewTripViewController.swift */; };
		FC2423DA2964B0A400A16EE5 /* ImageNewTripViewModel.swift in Sources */ = {isa = PBXBuildFile; fileRef = FC2423D92964B0A400A16EE5 /* ImageNewTripViewModel.swift */; };
		FC2423DD2964C89C00A16EE5 /* ImageNewTripCollectionViewCell.swift in Sources */ = {isa = PBXBuildFile; fileRef = FC2423DC2964C89C00A16EE5 /* ImageNewTripCollectionViewCell.swift */; };
		FC2423E02964CFF400A16EE5 /* SuccessNewTripViewController.swift in Sources */ = {isa = PBXBuildFile; fileRef = FC2423DF2964CFF400A16EE5 /* SuccessNewTripViewController.swift */; };
		FC2423E22964D10D00A16EE5 /* SuccessNewTripViewModel.swift in Sources */ = {isa = PBXBuildFile; fileRef = FC2423E12964D10D00A16EE5 /* SuccessNewTripViewModel.swift */; };
		FC5AA7142968D8A30068CDD5 /* NoteViewController.swift in Sources */ = {isa = PBXBuildFile; fileRef = FC5AA7132968D8A30068CDD5 /* NoteViewController.swift */; };
		FC5AA7162968D8EB0068CDD5 /* NoteViewModel.swift in Sources */ = {isa = PBXBuildFile; fileRef = FC5AA7152968D8EB0068CDD5 /* NoteViewModel.swift */; };
		FC7E48FA2965C7EA0088131A /* TripView.swift in Sources */ = {isa = PBXBuildFile; fileRef = FC7E48F92965C7EA0088131A /* TripView.swift */; };
		FC90741F28328E9200951CFA /* AppDelegate.swift in Sources */ = {isa = PBXBuildFile; fileRef = FC90741E28328E9200951CFA /* AppDelegate.swift */; };
		FC90742128328E9200951CFA /* SceneDelegate.swift in Sources */ = {isa = PBXBuildFile; fileRef = FC90742028328E9200951CFA /* SceneDelegate.swift */; };
		FC90742328328E9200951CFA /* MapViewController.swift in Sources */ = {isa = PBXBuildFile; fileRef = FC90742228328E9200951CFA /* MapViewController.swift */; };
		FC90742928328E9200951CFA /* TripMap.xcdatamodeld in Sources */ = {isa = PBXBuildFile; fileRef = FC90742728328E9200951CFA /* TripMap.xcdatamodeld */; };
		FC90742B28328E9700951CFA /* Assets.xcassets in Resources */ = {isa = PBXBuildFile; fileRef = FC90742A28328E9700951CFA /* Assets.xcassets */; };
		FC90742E28328E9700951CFA /* LaunchScreen.storyboard in Resources */ = {isa = PBXBuildFile; fileRef = FC90742C28328E9700951CFA /* LaunchScreen.storyboard */; };
		FC9089CA296B52AD005EF42C /* Lottie in Frameworks */ = {isa = PBXBuildFile; productRef = FC9089C9296B52AD005EF42C /* Lottie */; };
		FC9089CC296B53EC005EF42C /* trip-lottie-animation.json in Resources */ = {isa = PBXBuildFile; fileRef = FC9089CB296B53EC005EF42C /* trip-lottie-animation.json */; };
		FCEADF7D29636035003CD6AE /* MapViewModel.swift in Sources */ = {isa = PBXBuildFile; fileRef = FCEADF7C29636034003CD6AE /* MapViewModel.swift */; };
		FCEADF7F29637073003CD6AE /* UIView+Constraints.swift in Sources */ = {isa = PBXBuildFile; fileRef = FCEADF7E29637073003CD6AE /* UIView+Constraints.swift */; };
/* End PBXBuildFile section */

/* Begin PBXFileReference section */
		FC23F8692973323A00A451D9 /* en */ = {isa = PBXFileReference; lastKnownFileType = text.plist.strings; name = en; path = en.lproj/Localizable.strings; sourceTree = "<group>"; };
		FC23F86B2973325800A451D9 /* pt-BR */ = {isa = PBXFileReference; lastKnownFileType = text.plist.strings; name = "pt-BR"; path = "pt-BR.lproj/Localizable.strings"; sourceTree = "<group>"; };
		FC23F86C2973336F00A451D9 /* String+Extensions.swift */ = {isa = PBXFileReference; lastKnownFileType = sourcecode.swift; path = "String+Extensions.swift"; sourceTree = "<group>"; };
		FC23F86E29733E9000A451D9 /* loading-pins.json */ = {isa = PBXFileReference; fileEncoding = 4; lastKnownFileType = text.json; path = "loading-pins.json"; sourceTree = "<group>"; };
		FC23F87129734F4900A451D9 /* NewPinViewController.swift */ = {isa = PBXFileReference; lastKnownFileType = sourcecode.swift; path = NewPinViewController.swift; sourceTree = "<group>"; };
		FC23F87329734F9B00A451D9 /* NewPinViewModel.swift */ = {isa = PBXFileReference; lastKnownFileType = sourcecode.swift; path = NewPinViewModel.swift; sourceTree = "<group>"; };
		FC23F8762973508F00A451D9 /* TripIconCollectionViewCell.swift */ = {isa = PBXFileReference; lastKnownFileType = sourcecode.swift; path = TripIconCollectionViewCell.swift; sourceTree = "<group>"; };
		FC23F8842973617B00A451D9 /* Note+CoreDataClass.swift */ = {isa = PBXFileReference; lastKnownFileType = sourcecode.swift; path = "Note+CoreDataClass.swift"; sourceTree = "<group>"; };
		FC23F8852973617B00A451D9 /* Note+CoreDataProperties.swift */ = {isa = PBXFileReference; lastKnownFileType = sourcecode.swift; path = "Note+CoreDataProperties.swift"; sourceTree = "<group>"; };
		FC23F8862973617B00A451D9 /* Trip+CoreDataClass.swift */ = {isa = PBXFileReference; lastKnownFileType = sourcecode.swift; path = "Trip+CoreDataClass.swift"; sourceTree = "<group>"; };
		FC23F8872973617B00A451D9 /* Trip+CoreDataProperties.swift */ = {isa = PBXFileReference; lastKnownFileType = sourcecode.swift; path = "Trip+CoreDataProperties.swift"; sourceTree = "<group>"; };
		FC23F8882973617B00A451D9 /* Pin+CoreDataClass.swift */ = {isa = PBXFileReference; lastKnownFileType = sourcecode.swift; path = "Pin+CoreDataClass.swift"; sourceTree = "<group>"; };
		FC23F8892973617B00A451D9 /* Pin+CoreDataProperties.swift */ = {isa = PBXFileReference; lastKnownFileType = sourcecode.swift; path = "Pin+CoreDataProperties.swift"; sourceTree = "<group>"; };
		FC23F89029744BF000A451D9 /* UIViewController+Extensions.swift */ = {isa = PBXFileReference; lastKnownFileType = sourcecode.swift; path = "UIViewController+Extensions.swift"; sourceTree = "<group>"; };
		FC23F8932974553200A451D9 /* MapFilterViewController.swift */ = {isa = PBXFileReference; lastKnownFileType = sourcecode.swift; path = MapFilterViewController.swift; sourceTree = "<group>"; };
		FC23F8952974553A00A451D9 /* MapFilterViewModel.swift */ = {isa = PBXFileReference; lastKnownFileType = sourcecode.swift; path = MapFilterViewModel.swift; sourceTree = "<group>"; };
		FC23F898297458B100A451D9 /* PinModel.swift */ = {isa = PBXFileReference; lastKnownFileType = sourcecode.swift; path = PinModel.swift; sourceTree = "<group>"; };
		FC2423B629639AE400A16EE5 /* TripsListViewController.swift */ = {isa = PBXFileReference; lastKnownFileType = sourcecode.swift; path = TripsListViewController.swift; sourceTree = "<group>"; };
		FC2423B829639B0400A16EE5 /* TripsListViewModel.swift */ = {isa = PBXFileReference; lastKnownFileType = sourcecode.swift; path = TripsListViewModel.swift; sourceTree = "<group>"; };
		FC2423BB29639CA000A16EE5 /* TripListTableViewCell.swift */ = {isa = PBXFileReference; lastKnownFileType = sourcecode.swift; path = TripListTableViewCell.swift; sourceTree = "<group>"; };
		FC2423CD2964860B00A16EE5 /* OutlinedLabel.swift */ = {isa = PBXFileReference; lastKnownFileType = sourcecode.swift; path = OutlinedLabel.swift; sourceTree = "<group>"; };
		FC2423D02964A65F00A16EE5 /* NameNewTripViewController.swift */ = {isa = PBXFileReference; lastKnownFileType = sourcecode.swift; path = NameNewTripViewController.swift; sourceTree = "<group>"; };
		FC2423D22964A69500A16EE5 /* NameNewTripViewModel.swift */ = {isa = PBXFileReference; lastKnownFileType = sourcecode.swift; path = NameNewTripViewModel.swift; sourceTree = "<group>"; };
		FC2423D42964A98500A16EE5 /* DataManager.swift */ = {isa = PBXFileReference; lastKnownFileType = sourcecode.swift; path = DataManager.swift; sourceTree = "<group>"; };
		FC2423D72964B09B00A16EE5 /* ImageNewTripViewController.swift */ = {isa = PBXFileReference; lastKnownFileType = sourcecode.swift; path = ImageNewTripViewController.swift; sourceTree = "<group>"; };
		FC2423D92964B0A400A16EE5 /* ImageNewTripViewModel.swift */ = {isa = PBXFileReference; lastKnownFileType = sourcecode.swift; path = ImageNewTripViewModel.swift; sourceTree = "<group>"; };
		FC2423DC2964C89C00A16EE5 /* ImageNewTripCollectionViewCell.swift */ = {isa = PBXFileReference; lastKnownFileType = sourcecode.swift; path = ImageNewTripCollectionViewCell.swift; sourceTree = "<group>"; };
		FC2423DF2964CFF400A16EE5 /* SuccessNewTripViewController.swift */ = {isa = PBXFileReference; lastKnownFileType = sourcecode.swift; path = SuccessNewTripViewController.swift; sourceTree = "<group>"; };
		FC2423E12964D10D00A16EE5 /* SuccessNewTripViewModel.swift */ = {isa = PBXFileReference; lastKnownFileType = sourcecode.swift; path = SuccessNewTripViewModel.swift; sourceTree = "<group>"; };
		FC5AA7132968D8A30068CDD5 /* NoteViewController.swift */ = {isa = PBXFileReference; lastKnownFileType = sourcecode.swift; path = NoteViewController.swift; sourceTree = "<group>"; };
		FC5AA7152968D8EB0068CDD5 /* NoteViewModel.swift */ = {isa = PBXFileReference; lastKnownFileType = sourcecode.swift; path = NoteViewModel.swift; sourceTree = "<group>"; };
		FC7E48F92965C7EA0088131A /* TripView.swift */ = {isa = PBXFileReference; lastKnownFileType = sourcecode.swift; path = TripView.swift; sourceTree = "<group>"; };
		FC90741B28328E9200951CFA /* TripMap.app */ = {isa = PBXFileReference; explicitFileType = wrapper.application; includeInIndex = 0; path = TripMap.app; sourceTree = BUILT_PRODUCTS_DIR; };
		FC90741E28328E9200951CFA /* AppDelegate.swift */ = {isa = PBXFileReference; lastKnownFileType = sourcecode.swift; path = AppDelegate.swift; sourceTree = "<group>"; };
		FC90742028328E9200951CFA /* SceneDelegate.swift */ = {isa = PBXFileReference; lastKnownFileType = sourcecode.swift; path = SceneDelegate.swift; sourceTree = "<group>"; };
		FC90742228328E9200951CFA /* MapViewController.swift */ = {isa = PBXFileReference; lastKnownFileType = sourcecode.swift; path = MapViewController.swift; sourceTree = "<group>"; };
		FC90742828328E9200951CFA /* TripMap.xcdatamodel */ = {isa = PBXFileReference; lastKnownFileType = wrapper.xcdatamodel; path = TripMap.xcdatamodel; sourceTree = "<group>"; };
		FC90742A28328E9700951CFA /* Assets.xcassets */ = {isa = PBXFileReference; lastKnownFileType = folder.assetcatalog; path = Assets.xcassets; sourceTree = "<group>"; };
		FC90742D28328E9700951CFA /* Base */ = {isa = PBXFileReference; lastKnownFileType = file.storyboard; name = Base; path = Base.lproj/LaunchScreen.storyboard; sourceTree = "<group>"; };
		FC90742F28328E9700951CFA /* Info.plist */ = {isa = PBXFileReference; lastKnownFileType = text.plist.xml; path = Info.plist; sourceTree = "<group>"; };
		FC9089CB296B53EC005EF42C /* trip-lottie-animation.json */ = {isa = PBXFileReference; fileEncoding = 4; lastKnownFileType = text.json; path = "trip-lottie-animation.json"; sourceTree = "<group>"; };
		FCEADF7C29636034003CD6AE /* MapViewModel.swift */ = {isa = PBXFileReference; lastKnownFileType = sourcecode.swift; path = MapViewModel.swift; sourceTree = "<group>"; };
		FCEADF7E29637073003CD6AE /* UIView+Constraints.swift */ = {isa = PBXFileReference; lastKnownFileType = sourcecode.swift; path = "UIView+Constraints.swift"; sourceTree = "<group>"; };
/* End PBXFileReference section */

/* Begin PBXFrameworksBuildPhase section */
		FC90741828328E9100951CFA /* Frameworks */ = {
			isa = PBXFrameworksBuildPhase;
			buildActionMask = 2147483647;
			files = (
				FC9089CA296B52AD005EF42C /* Lottie in Frameworks */,
			);
			runOnlyForDeploymentPostprocessing = 0;
		};
/* End PBXFrameworksBuildPhase section */

/* Begin PBXGroup section */
		FC23F87029734F3C00A451D9 /* NewPin */ = {
			isa = PBXGroup;
			children = (
				FC23F8752973507900A451D9 /* Cells */,
				FC23F87129734F4900A451D9 /* NewPinViewController.swift */,
				FC23F87329734F9B00A451D9 /* NewPinViewModel.swift */,
			);
			path = NewPin;
			sourceTree = "<group>";
		};
		FC23F8752973507900A451D9 /* Cells */ = {
			isa = PBXGroup;
			children = (
				FC23F8762973508F00A451D9 /* TripIconCollectionViewCell.swift */,
			);
			path = Cells;
			sourceTree = "<group>";
		};
		FC23F8922974552400A451D9 /* Filter */ = {
			isa = PBXGroup;
			children = (
				FC23F8932974553200A451D9 /* MapFilterViewController.swift */,
				FC23F8952974553A00A451D9 /* MapFilterViewModel.swift */,
			);
			path = Filter;
			sourceTree = "<group>";
		};
		FC23F8972974589E00A451D9 /* Model */ = {
			isa = PBXGroup;
			children = (
				FC23F898297458B100A451D9 /* PinModel.swift */,
			);
			path = Model;
			sourceTree = "<group>";
		};
		FC2423B429639A8500A16EE5 /* Extensions */ = {
			isa = PBXGroup;
			children = (
				FCEADF7E29637073003CD6AE /* UIView+Constraints.swift */,
				FC23F86C2973336F00A451D9 /* String+Extensions.swift */,
				FC23F89029744BF000A451D9 /* UIViewController+Extensions.swift */,
			);
			path = Extensions;
			sourceTree = "<group>";
		};
		FC2423B529639AAF00A16EE5 /* TripsList */ = {
			isa = PBXGroup;
			children = (
				FC2423BA29639C7E00A16EE5 /* Cells */,
				FC2423B629639AE400A16EE5 /* TripsListViewController.swift */,
				FC2423B829639B0400A16EE5 /* TripsListViewModel.swift */,
			);
			path = TripsList;
			sourceTree = "<group>";
		};
		FC2423BA29639C7E00A16EE5 /* Cells */ = {
			isa = PBXGroup;
			children = (
				FC2423BB29639CA000A16EE5 /* TripListTableViewCell.swift */,
			);
			path = Cells;
			sourceTree = "<group>";
		};
		FC2423CF2964A65500A16EE5 /* NameNewTrip */ = {
			isa = PBXGroup;
			children = (
				FC2423D02964A65F00A16EE5 /* NameNewTripViewController.swift */,
				FC2423D22964A69500A16EE5 /* NameNewTripViewModel.swift */,
			);
			path = NameNewTrip;
			sourceTree = "<group>";
		};
		FC2423D62964B08400A16EE5 /* ImageNewTrip */ = {
			isa = PBXGroup;
			children = (
				FC2423DB2964C88800A16EE5 /* Cells */,
				FC2423D72964B09B00A16EE5 /* ImageNewTripViewController.swift */,
				FC2423D92964B0A400A16EE5 /* ImageNewTripViewModel.swift */,
			);
			path = ImageNewTrip;
			sourceTree = "<group>";
		};
		FC2423DB2964C88800A16EE5 /* Cells */ = {
			isa = PBXGroup;
			children = (
				FC2423DC2964C89C00A16EE5 /* ImageNewTripCollectionViewCell.swift */,
			);
			path = Cells;
			sourceTree = "<group>";
		};
		FC2423DE2964CFEA00A16EE5 /* SuccessNewTrip */ = {
			isa = PBXGroup;
			children = (
				FC2423DF2964CFF400A16EE5 /* SuccessNewTripViewController.swift */,
				FC2423E12964D10D00A16EE5 /* SuccessNewTripViewModel.swift */,
			);
			path = SuccessNewTrip;
			sourceTree = "<group>";
		};
		FC5AA7122968D7DA0068CDD5 /* Note */ = {
			isa = PBXGroup;
			children = (
				FC5AA7132968D8A30068CDD5 /* NoteViewController.swift */,
				FC5AA7152968D8EB0068CDD5 /* NoteViewModel.swift */,
			);
			path = Note;
			sourceTree = "<group>";
		};
		FC7E48FB29660A5C0088131A /* Resources */ = {
			isa = PBXGroup;
			children = (
				FC23F86E29733E9000A451D9 /* loading-pins.json */,
				FC9089CB296B53EC005EF42C /* trip-lottie-animation.json */,
				FC90742A28328E9700951CFA /* Assets.xcassets */,
			);
			path = Resources;
			sourceTree = "<group>";
		};
		FC7E48FC29660A760088131A /* Supporting Files */ = {
			isa = PBXGroup;
			children = (
				FC90742C28328E9700951CFA /* LaunchScreen.storyboard */,
				FC90742F28328E9700951CFA /* Info.plist */,
				FC23F86A2973323A00A451D9 /* Localizable.strings */,
			);
			path = "Supporting Files";
			sourceTree = "<group>";
		};
		FC7E48FD29660A9C0088131A /* Startup */ = {
			isa = PBXGroup;
			children = (
				FC90741E28328E9200951CFA /* AppDelegate.swift */,
				FC90742028328E9200951CFA /* SceneDelegate.swift */,
			);
			path = Startup;
			sourceTree = "<group>";
		};
		FC7E48FE29660AA50088131A /* CoreData */ = {
			isa = PBXGroup;
			children = (
				FC23F8842973617B00A451D9 /* Note+CoreDataClass.swift */,
				FC23F8852973617B00A451D9 /* Note+CoreDataProperties.swift */,
				FC23F8862973617B00A451D9 /* Trip+CoreDataClass.swift */,
				FC23F8872973617B00A451D9 /* Trip+CoreDataProperties.swift */,
				FC23F8882973617B00A451D9 /* Pin+CoreDataClass.swift */,
				FC23F8892973617B00A451D9 /* Pin+CoreDataProperties.swift */,
				FC2423D42964A98500A16EE5 /* DataManager.swift */,
			);
			path = CoreData;
			sourceTree = "<group>";
		};
		FC7E490029660B320088131A /* Features */ = {
			isa = PBXGroup;
			children = (
				FC23F8922974552400A451D9 /* Filter */,
				FC23F87029734F3C00A451D9 /* NewPin */,
				FC5AA7122968D7DA0068CDD5 /* Note */,
				FC2423DE2964CFEA00A16EE5 /* SuccessNewTrip */,
				FC2423D62964B08400A16EE5 /* ImageNewTrip */,
				FC2423CF2964A65500A16EE5 /* NameNewTrip */,
				FC2423B529639AAF00A16EE5 /* TripsList */,
				FCEADF8129639A23003CD6AE /* Map */,
			);
			path = Features;
			sourceTree = "<group>";
		};
		FC7E490129660BC30088131A /* Components */ = {
			isa = PBXGroup;
			children = (
				FC2423CD2964860B00A16EE5 /* OutlinedLabel.swift */,
				FC7E48F92965C7EA0088131A /* TripView.swift */,
			);
			path = Components;
			sourceTree = "<group>";
		};
		FC90741228328E9100951CFA = {
			isa = PBXGroup;
			children = (
				FC90741D28328E9200951CFA /* TripMap */,
				FC90741C28328E9200951CFA /* Products */,
			);
			sourceTree = "<group>";
		};
		FC90741C28328E9200951CFA /* Products */ = {
			isa = PBXGroup;
			children = (
				FC90741B28328E9200951CFA /* TripMap.app */,
			);
			name = Products;
			sourceTree = "<group>";
		};
		FC90741D28328E9200951CFA /* TripMap */ = {
			isa = PBXGroup;
			children = (
				FC90742728328E9200951CFA /* TripMap.xcdatamodeld */,
				FCEADF8029639A0B003CD6AE /* Sources */,
			);
			path = TripMap;
			sourceTree = "<group>";
		};
		FCEADF8029639A0B003CD6AE /* Sources */ = {
			isa = PBXGroup;
			children = (
				FC23F8972974589E00A451D9 /* Model */,
				FC7E490129660BC30088131A /* Components */,
				FC7E48FE29660AA50088131A /* CoreData */,
				FC2423B429639A8500A16EE5 /* Extensions */,
				FC7E490029660B320088131A /* Features */,
				FC7E48FB29660A5C0088131A /* Resources */,
				FC7E48FD29660A9C0088131A /* Startup */,
				FC7E48FC29660A760088131A /* Supporting Files */,
			);
			path = Sources;
			sourceTree = "<group>";
		};
		FCEADF8129639A23003CD6AE /* Map */ = {
			isa = PBXGroup;
			children = (
				FC90742228328E9200951CFA /* MapViewController.swift */,
				FCEADF7C29636034003CD6AE /* MapViewModel.swift */,
			);
			path = Map;
			sourceTree = "<group>";
		};
/* End PBXGroup section */

/* Begin PBXNativeTarget section */
		FC90741A28328E9100951CFA /* TripMap */ = {
			isa = PBXNativeTarget;
			buildConfigurationList = FC90743228328E9700951CFA /* Build configuration list for PBXNativeTarget "TripMap" */;
			buildPhases = (
				FC90741728328E9100951CFA /* Sources */,
				FC90741828328E9100951CFA /* Frameworks */,
				FC90741928328E9100951CFA /* Resources */,
			);
			buildRules = (
			);
			dependencies = (
			);
			name = TripMap;
			packageProductDependencies = (
				FC9089C9296B52AD005EF42C /* Lottie */,
			);
			productName = TripMap;
			productReference = FC90741B28328E9200951CFA /* TripMap.app */;
			productType = "com.apple.product-type.application";
		};
/* End PBXNativeTarget section */

/* Begin PBXProject section */
		FC90741328328E9100951CFA /* Project object */ = {
			isa = PBXProject;
			attributes = {
				BuildIndependentTargetsInParallel = 1;
				LastSwiftUpdateCheck = 1330;
				LastUpgradeCheck = 1330;
				TargetAttributes = {
					FC90741A28328E9100951CFA = {
						CreatedOnToolsVersion = 13.3.1;
					};
				};
			};
			buildConfigurationList = FC90741628328E9100951CFA /* Build configuration list for PBXProject "TripMap" */;
			compatibilityVersion = "Xcode 13.0";
			developmentRegion = en;
			hasScannedForEncodings = 0;
			knownRegions = (
				en,
				Base,
				"pt-BR",
			);
			mainGroup = FC90741228328E9100951CFA;
			packageReferences = (
				FC9089C8296B52AD005EF42C /* XCRemoteSwiftPackageReference "lottie-ios" */,
			);
			productRefGroup = FC90741C28328E9200951CFA /* Products */;
			projectDirPath = "";
			projectRoot = "";
			targets = (
				FC90741A28328E9100951CFA /* TripMap */,
			);
		};
/* End PBXProject section */

/* Begin PBXResourcesBuildPhase section */
		FC90741928328E9100951CFA /* Resources */ = {
			isa = PBXResourcesBuildPhase;
			buildActionMask = 2147483647;
			files = (
				FC23F86F29733E9000A451D9 /* loading-pins.json in Resources */,
				FC90742E28328E9700951CFA /* LaunchScreen.storyboard in Resources */,
				FC23F8682973323A00A451D9 /* Localizable.strings in Resources */,
				FC9089CC296B53EC005EF42C /* trip-lottie-animation.json in Resources */,
				FC90742B28328E9700951CFA /* Assets.xcassets in Resources */,
			);
			runOnlyForDeploymentPostprocessing = 0;
		};
/* End PBXResourcesBuildPhase section */

/* Begin PBXSourcesBuildPhase section */
		FC90741728328E9100951CFA /* Sources */ = {
			isa = PBXSourcesBuildPhase;
			buildActionMask = 2147483647;
			files = (
				FC23F899297458B100A451D9 /* PinModel.swift in Sources */,
				FC2423E22964D10D00A16EE5 /* SuccessNewTripViewModel.swift in Sources */,
				FC2423D82964B09B00A16EE5 /* ImageNewTripViewController.swift in Sources */,
				FC90742328328E9200951CFA /* MapViewController.swift in Sources */,
				FC2423D12964A65F00A16EE5 /* NameNewTripViewController.swift in Sources */,
				FC2423CE2964860B00A16EE5 /* OutlinedLabel.swift in Sources */,
				FC23F87229734F4900A451D9 /* NewPinViewController.swift in Sources */,
				FCEADF7D29636035003CD6AE /* MapViewModel.swift in Sources */,
				FC23F8942974553200A451D9 /* MapFilterViewController.swift in Sources */,
				FC23F88A2973617B00A451D9 /* Note+CoreDataClass.swift in Sources */,
				FC23F88B2973617B00A451D9 /* Note+CoreDataProperties.swift in Sources */,
				FC23F8772973508F00A451D9 /* TripIconCollectionViewCell.swift in Sources */,
				FC23F86D2973336F00A451D9 /* String+Extensions.swift in Sources */,
				FC2423D32964A69500A16EE5 /* NameNewTripViewModel.swift in Sources */,
				FC90742928328E9200951CFA /* TripMap.xcdatamodeld in Sources */,
				FCEADF7F29637073003CD6AE /* UIView+Constraints.swift in Sources */,
				FC2423D52964A98500A16EE5 /* DataManager.swift in Sources */,
				FC2423B729639AE400A16EE5 /* TripsListViewController.swift in Sources */,
				FC2423B929639B0400A16EE5 /* TripsListViewModel.swift in Sources */,
				FC5AA7162968D8EB0068CDD5 /* NoteViewModel.swift in Sources */,
				FC5AA7142968D8A30068CDD5 /* NoteViewController.swift in Sources */,
				FC23F87429734F9B00A451D9 /* NewPinViewModel.swift in Sources */,
				FC23F88F2973617B00A451D9 /* Pin+CoreDataProperties.swift in Sources */,
				FC90741F28328E9200951CFA /* AppDelegate.swift in Sources */,
				FC23F88E2973617B00A451D9 /* Pin+CoreDataClass.swift in Sources */,
				FC2423BC29639CA000A16EE5 /* TripListTableViewCell.swift in Sources */,
				FC23F88C2973617B00A451D9 /* Trip+CoreDataClass.swift in Sources */,
				FC2423DA2964B0A400A16EE5 /* ImageNewTripViewModel.swift in Sources */,
				FC7E48FA2965C7EA0088131A /* TripView.swift in Sources */,
				FC23F88D2973617B00A451D9 /* Trip+CoreDataProperties.swift in Sources */,
				FC23F8962974553A00A451D9 /* MapFilterViewModel.swift in Sources */,
				FC23F89129744BF000A451D9 /* UIViewController+Extensions.swift in Sources */,
				FC2423DD2964C89C00A16EE5 /* ImageNewTripCollectionViewCell.swift in Sources */,
				FC2423E02964CFF400A16EE5 /* SuccessNewTripViewController.swift in Sources */,
				FC90742128328E9200951CFA /* SceneDelegate.swift in Sources */,
			);
			runOnlyForDeploymentPostprocessing = 0;
		};
/* End PBXSourcesBuildPhase section */

/* Begin PBXVariantGroup section */
		FC23F86A2973323A00A451D9 /* Localizable.strings */ = {
			isa = PBXVariantGroup;
			children = (
				FC23F8692973323A00A451D9 /* en */,
				FC23F86B2973325800A451D9 /* pt-BR */,
			);
			name = Localizable.strings;
			sourceTree = "<group>";
		};
		FC90742C28328E9700951CFA /* LaunchScreen.storyboard */ = {
			isa = PBXVariantGroup;
			children = (
				FC90742D28328E9700951CFA /* Base */,
			);
			name = LaunchScreen.storyboard;
			sourceTree = "<group>";
		};
/* End PBXVariantGroup section */

/* Begin XCBuildConfiguration section */
		FC90743028328E9700951CFA /* Debug */ = {
			isa = XCBuildConfiguration;
			buildSettings = {
				ALWAYS_SEARCH_USER_PATHS = NO;
				CLANG_ANALYZER_LOCALIZABILITY_NONLOCALIZED = YES;
				CLANG_ANALYZER_NONNULL = YES;
				CLANG_ANALYZER_NUMBER_OBJECT_CONVERSION = YES_AGGRESSIVE;
				CLANG_CXX_LANGUAGE_STANDARD = "gnu++17";
				CLANG_ENABLE_MODULES = YES;
				CLANG_ENABLE_OBJC_ARC = YES;
				CLANG_ENABLE_OBJC_WEAK = YES;
				CLANG_WARN_BLOCK_CAPTURE_AUTORELEASING = YES;
				CLANG_WARN_BOOL_CONVERSION = YES;
				CLANG_WARN_COMMA = YES;
				CLANG_WARN_CONSTANT_CONVERSION = YES;
				CLANG_WARN_DEPRECATED_OBJC_IMPLEMENTATIONS = YES;
				CLANG_WARN_DIRECT_OBJC_ISA_USAGE = YES_ERROR;
				CLANG_WARN_DOCUMENTATION_COMMENTS = YES;
				CLANG_WARN_EMPTY_BODY = YES;
				CLANG_WARN_ENUM_CONVERSION = YES;
				CLANG_WARN_INFINITE_RECURSION = YES;
				CLANG_WARN_INT_CONVERSION = YES;
				CLANG_WARN_NON_LITERAL_NULL_CONVERSION = YES;
				CLANG_WARN_OBJC_IMPLICIT_RETAIN_SELF = YES;
				CLANG_WARN_OBJC_LITERAL_CONVERSION = YES;
				CLANG_WARN_OBJC_ROOT_CLASS = YES_ERROR;
				CLANG_WARN_QUOTED_INCLUDE_IN_FRAMEWORK_HEADER = YES;
				CLANG_WARN_RANGE_LOOP_ANALYSIS = YES;
				CLANG_WARN_STRICT_PROTOTYPES = YES;
				CLANG_WARN_SUSPICIOUS_MOVE = YES;
				CLANG_WARN_UNGUARDED_AVAILABILITY = YES_AGGRESSIVE;
				CLANG_WARN_UNREACHABLE_CODE = YES;
				CLANG_WARN__DUPLICATE_METHOD_MATCH = YES;
				COPY_PHASE_STRIP = NO;
				DEBUG_INFORMATION_FORMAT = dwarf;
				ENABLE_STRICT_OBJC_MSGSEND = YES;
				ENABLE_TESTABILITY = YES;
				GCC_C_LANGUAGE_STANDARD = gnu11;
				GCC_DYNAMIC_NO_PIC = NO;
				GCC_NO_COMMON_BLOCKS = YES;
				GCC_OPTIMIZATION_LEVEL = 0;
				GCC_PREPROCESSOR_DEFINITIONS = (
					"DEBUG=1",
					"$(inherited)",
				);
				GCC_WARN_64_TO_32_BIT_CONVERSION = YES;
				GCC_WARN_ABOUT_RETURN_TYPE = YES_ERROR;
				GCC_WARN_UNDECLARED_SELECTOR = YES;
				GCC_WARN_UNINITIALIZED_AUTOS = YES_AGGRESSIVE;
				GCC_WARN_UNUSED_FUNCTION = YES;
				GCC_WARN_UNUSED_VARIABLE = YES;
				IPHONEOS_DEPLOYMENT_TARGET = 15.4;
				MTL_ENABLE_DEBUG_INFO = INCLUDE_SOURCE;
				MTL_FAST_MATH = YES;
				ONLY_ACTIVE_ARCH = YES;
				SDKROOT = iphoneos;
				SWIFT_ACTIVE_COMPILATION_CONDITIONS = DEBUG;
				SWIFT_OPTIMIZATION_LEVEL = "-Onone";
			};
			name = Debug;
		};
		FC90743128328E9700951CFA /* Release */ = {
			isa = XCBuildConfiguration;
			buildSettings = {
				ALWAYS_SEARCH_USER_PATHS = NO;
				CLANG_ANALYZER_LOCALIZABILITY_NONLOCALIZED = YES;
				CLANG_ANALYZER_NONNULL = YES;
				CLANG_ANALYZER_NUMBER_OBJECT_CONVERSION = YES_AGGRESSIVE;
				CLANG_CXX_LANGUAGE_STANDARD = "gnu++17";
				CLANG_ENABLE_MODULES = YES;
				CLANG_ENABLE_OBJC_ARC = YES;
				CLANG_ENABLE_OBJC_WEAK = YES;
				CLANG_WARN_BLOCK_CAPTURE_AUTORELEASING = YES;
				CLANG_WARN_BOOL_CONVERSION = YES;
				CLANG_WARN_COMMA = YES;
				CLANG_WARN_CONSTANT_CONVERSION = YES;
				CLANG_WARN_DEPRECATED_OBJC_IMPLEMENTATIONS = YES;
				CLANG_WARN_DIRECT_OBJC_ISA_USAGE = YES_ERROR;
				CLANG_WARN_DOCUMENTATION_COMMENTS = YES;
				CLANG_WARN_EMPTY_BODY = YES;
				CLANG_WARN_ENUM_CONVERSION = YES;
				CLANG_WARN_INFINITE_RECURSION = YES;
				CLANG_WARN_INT_CONVERSION = YES;
				CLANG_WARN_NON_LITERAL_NULL_CONVERSION = YES;
				CLANG_WARN_OBJC_IMPLICIT_RETAIN_SELF = YES;
				CLANG_WARN_OBJC_LITERAL_CONVERSION = YES;
				CLANG_WARN_OBJC_ROOT_CLASS = YES_ERROR;
				CLANG_WARN_QUOTED_INCLUDE_IN_FRAMEWORK_HEADER = YES;
				CLANG_WARN_RANGE_LOOP_ANALYSIS = YES;
				CLANG_WARN_STRICT_PROTOTYPES = YES;
				CLANG_WARN_SUSPICIOUS_MOVE = YES;
				CLANG_WARN_UNGUARDED_AVAILABILITY = YES_AGGRESSIVE;
				CLANG_WARN_UNREACHABLE_CODE = YES;
				CLANG_WARN__DUPLICATE_METHOD_MATCH = YES;
				COPY_PHASE_STRIP = NO;
				DEBUG_INFORMATION_FORMAT = "dwarf-with-dsym";
				ENABLE_NS_ASSERTIONS = NO;
				ENABLE_STRICT_OBJC_MSGSEND = YES;
				GCC_C_LANGUAGE_STANDARD = gnu11;
				GCC_NO_COMMON_BLOCKS = YES;
				GCC_WARN_64_TO_32_BIT_CONVERSION = YES;
				GCC_WARN_ABOUT_RETURN_TYPE = YES_ERROR;
				GCC_WARN_UNDECLARED_SELECTOR = YES;
				GCC_WARN_UNINITIALIZED_AUTOS = YES_AGGRESSIVE;
				GCC_WARN_UNUSED_FUNCTION = YES;
				GCC_WARN_UNUSED_VARIABLE = YES;
				IPHONEOS_DEPLOYMENT_TARGET = 15.4;
				MTL_ENABLE_DEBUG_INFO = NO;
				MTL_FAST_MATH = YES;
				SDKROOT = iphoneos;
				SWIFT_COMPILATION_MODE = wholemodule;
				SWIFT_OPTIMIZATION_LEVEL = "-O";
				VALIDATE_PRODUCT = YES;
			};
			name = Release;
		};
		FC90743328328E9700951CFA /* Debug */ = {
			isa = XCBuildConfiguration;
			buildSettings = {
				ASSETCATALOG_COMPILER_APPICON_NAME = AppIcon;
				ASSETCATALOG_COMPILER_GLOBAL_ACCENT_COLOR_NAME = AccentColor;
				CODE_SIGN_STYLE = Automatic;
				CURRENT_PROJECT_VERSION = 1;
				DEVELOPMENT_TEAM = 49SCADTRG8;
				GENERATE_INFOPLIST_FILE = YES;
				INFOPLIST_FILE = "TripMap/Sources/Supporting Files/Info.plist";
				INFOPLIST_KEY_UIApplicationSupportsIndirectInputEvents = YES;
				INFOPLIST_KEY_UILaunchStoryboardName = LaunchScreen;
				INFOPLIST_KEY_UISupportedInterfaceOrientations_iPad = "UIInterfaceOrientationPortrait UIInterfaceOrientationPortraitUpsideDown UIInterfaceOrientationLandscapeLeft UIInterfaceOrientationLandscapeRight";
				INFOPLIST_KEY_UISupportedInterfaceOrientations_iPhone = "UIInterfaceOrientationPortrait UIInterfaceOrientationLandscapeLeft UIInterfaceOrientationLandscapeRight";
				LD_RUNPATH_SEARCH_PATHS = (
					"$(inherited)",
					"@executable_path/Frameworks",
				);
				MARKETING_VERSION = 1.0;
				PRODUCT_BUNDLE_IDENTIFIER = victorCatao.TripMap;
				PRODUCT_NAME = "$(TARGET_NAME)";
				SWIFT_EMIT_LOC_STRINGS = YES;
				SWIFT_VERSION = 5.0;
				TARGETED_DEVICE_FAMILY = "1,2";
			};
			name = Debug;
		};
		FC90743428328E9700951CFA /* Release */ = {
			isa = XCBuildConfiguration;
			buildSettings = {
				ASSETCATALOG_COMPILER_APPICON_NAME = AppIcon;
				ASSETCATALOG_COMPILER_GLOBAL_ACCENT_COLOR_NAME = AccentColor;
				CODE_SIGN_STYLE = Automatic;
				CURRENT_PROJECT_VERSION = 1;
				DEVELOPMENT_TEAM = 49SCADTRG8;
				GENERATE_INFOPLIST_FILE = YES;
				INFOPLIST_FILE = "TripMap/Sources/Supporting Files/Info.plist";
				INFOPLIST_KEY_UIApplicationSupportsIndirectInputEvents = YES;
				INFOPLIST_KEY_UILaunchStoryboardName = LaunchScreen;
				INFOPLIST_KEY_UISupportedInterfaceOrientations_iPad = "UIInterfaceOrientationPortrait UIInterfaceOrientationPortraitUpsideDown UIInterfaceOrientationLandscapeLeft UIInterfaceOrientationLandscapeRight";
				INFOPLIST_KEY_UISupportedInterfaceOrientations_iPhone = "UIInterfaceOrientationPortrait UIInterfaceOrientationLandscapeLeft UIInterfaceOrientationLandscapeRight";
				LD_RUNPATH_SEARCH_PATHS = (
					"$(inherited)",
					"@executable_path/Frameworks",
				);
				MARKETING_VERSION = 1.0;
				PRODUCT_BUNDLE_IDENTIFIER = victorCatao.TripMap;
				PRODUCT_NAME = "$(TARGET_NAME)";
				SWIFT_EMIT_LOC_STRINGS = YES;
				SWIFT_VERSION = 5.0;
				TARGETED_DEVICE_FAMILY = "1,2";
			};
			name = Release;
		};
/* End XCBuildConfiguration section */

/* Begin XCConfigurationList section */
		FC90741628328E9100951CFA /* Build configuration list for PBXProject "TripMap" */ = {
			isa = XCConfigurationList;
			buildConfigurations = (
				FC90743028328E9700951CFA /* Debug */,
				FC90743128328E9700951CFA /* Release */,
			);
			defaultConfigurationIsVisible = 0;
			defaultConfigurationName = Release;
		};
		FC90743228328E9700951CFA /* Build configuration list for PBXNativeTarget "TripMap" */ = {
			isa = XCConfigurationList;
			buildConfigurations = (
				FC90743328328E9700951CFA /* Debug */,
				FC90743428328E9700951CFA /* Release */,
			);
			defaultConfigurationIsVisible = 0;
			defaultConfigurationName = Release;
		};
/* End XCConfigurationList section */

/* Begin XCRemoteSwiftPackageReference section */
		FC9089C8296B52AD005EF42C /* XCRemoteSwiftPackageReference "lottie-ios" */ = {
			isa = XCRemoteSwiftPackageReference;
			repositoryURL = "https://github.com/airbnb/lottie-ios.git";
			requirement = {
				kind = upToNextMajorVersion;
				minimumVersion = 4.0.0;
			};
		};
/* End XCRemoteSwiftPackageReference section */

/* Begin XCSwiftPackageProductDependency section */
		FC9089C9296B52AD005EF42C /* Lottie */ = {
			isa = XCSwiftPackageProductDependency;
			package = FC9089C8296B52AD005EF42C /* XCRemoteSwiftPackageReference "lottie-ios" */;
			productName = Lottie;
		};
/* End XCSwiftPackageProductDependency section */

/* Begin XCVersionGroup section */
		FC90742728328E9200951CFA /* TripMap.xcdatamodeld */ = {
			isa = XCVersionGroup;
			children = (
				FC90742828328E9200951CFA /* TripMap.xcdatamodel */,
			);
			currentVersion = FC90742828328E9200951CFA /* TripMap.xcdatamodel */;
			path = TripMap.xcdatamodeld;
			sourceTree = "<group>";
			versionGroupType = wrapper.xcdatamodel;
		};
/* End XCVersionGroup section */
	};
	rootObject = FC90741328328E9100951CFA /* Project object */;
}
